
Microsoft Visual Studio Solution File, Format Version 12.00
# Visual Studio Version 17
VisualStudioVersion = 17.7.34221.43
MinimumVisualStudioVersion = 10.0.40219.1
Project("{FAE04EC0-301F-11D3-BF4B-00C04F79EFBC}") = "project", "project.csproj", "{2500A529-D7E6-4B09-B717-4C15145A4732}"
EndProject
Global
	GlobalSection(SolutionConfigurationPlatforms) = preSolution
		Debug|Any CPU = Debug|Any CPU
		Release|Any CPU = Release|Any CPU
	EndGlobalSection
	GlobalSection(ProjectConfigurationPlatforms) = postSolution
		{2500A529-D7E6-4B09-B717-4C15145A4732}.Debug|Any CPU.ActiveCfg = Debug|Any CPU
		{2500A529-D7E6-4B09-B717-4C15145A4732}.Debug|Any CPU.Build.0 = Debug|Any CPU
		{2500A529-D7E6-4B09-B717-4C15145A4732}.Release|Any CPU.ActiveCfg = Release|Any CPU
		{2500A529-D7E6-4B09-B717-4C15145A4732}.Release|Any CPU.Build.0 = Release|Any CPU
	EndGlobalSection
	GlobalSection(SolutionProperties) = preSolution
		HideSolutionNode = FALSE
	EndGlobalSection
	GlobalSection(ExtensibilityGlobals) = postSolution
		SolutionGuid = {5AE14C05-5DDF-4024-8B9E-10888B47974F}
	EndGlobalSection
EndGlobal
